
Microsoft Visual Studio Solution File, Format Version 12.00
# Visual Studio 14
VisualStudioVersion = 14.0.25420.1
MinimumVisualStudioVersion = 10.0.40219.1
Project("{2150E333-8FDC-42A3-9474-1A3956D46DE8}") = "src", "src", "{0D0E8683-8A9A-4C40-84A3-E7225B4994D1}"
EndProject
Project("{2150E333-8FDC-42A3-9474-1A3956D46DE8}") = "Solution Items", "Solution Items", "{56BC696C-51B1-498C-9FF4-FFD5AEB82484}"
	ProjectSection(SolutionItems) = preProject
		global.json = global.json
		readme.md = readme.md
	EndProjectSection
EndProject
Project("{8BB2217D-0F2D-49D1-97BC-3654ED321F3B}") = "mvc-demo", "src\mvc-demo\mvc-demo.xproj", "{722FD6C0-0C68-4CC5-8D88-72C756322AE4}"
EndProject
Project("{8BB2217D-0F2D-49D1-97BC-3654ED321F3B}") = "ef-demo", "src\ef-demo\ef-demo.xproj", "{1AC99768-1FE2-4D11-9D47-ED8CBEED6086}"
EndProject
Project("{2150E333-8FDC-42A3-9474-1A3956D46DE8}") = "test", "test", "{70F82131-0C7C-4878-842A-F8441DA2C14F}"
EndProject
Project("{8BB2217D-0F2D-49D1-97BC-3654ED321F3B}") = "ef-demo.tests", "test\ef-demo.tests\ef-demo.tests.xproj", "{D534A3BB-39BD-4CD5-A7A9-4337D5167CE3}"
EndProject
Project("{8BB2217D-0F2D-49D1-97BC-3654ED321F3B}") = "webapi-demo", "src\webapi-demo\webapi-demo.xproj", "{62212806-3E2B-4B53-8505-F09422C2FF18}"
EndProject
Project("{8BB2217D-0F2D-49D1-97BC-3654ED321F3B}") = "webapi-demo.tests", "test\webapi-demo.tests\webapi-demo.tests.xproj", "{06CE5202-7878-4CE7-AE55-3D06EE7B6D2D}"
EndProject
Project("{8BB2217D-0F2D-49D1-97BC-3654ED321F3B}") = "rabbitmq-demo", "src\rabbitmq-demo\rabbitmq-demo.xproj", "{21CBCEE3-2E63-4597-8C5A-79CFE0544EAA}"
EndProject
Project("{8BB2217D-0F2D-49D1-97BC-3654ED321F3B}") = "rabbitmq-demo.tests", "test\rabbitmq-demo.tests\rabbitmq-demo.tests.xproj", "{EC55DCE3-BEF7-4FA7-929C-E64E77944737}"
EndProject
Project("{8BB2217D-0F2D-49D1-97BC-3654ED321F3B}") = "rabbitmq-demo-service", "src\rabbitmq-demo-service\rabbitmq-demo-service.xproj", "{0C76EBA9-FB61-4D94-905E-121E0AD25A67}"
EndProject
Project("{8BB2217D-0F2D-49D1-97BC-3654ED321F3B}") = "rabbitmq-demo-service.tests", "test\rabbitmq-demo-service.tests\rabbitmq-demo-service.tests.xproj", "{60E78C5F-23D6-46A8-878F-ABBB4FFA8059}"
EndProject
Project("{8BB2217D-0F2D-49D1-97BC-3654ED321F3B}") = "mvc-demo.tests", "test\mvc-demo.tests\mvc-demo.tests.xproj", "{2A5D08BF-DAA2-433E-8EF0-388E60CCC17B}"
EndProject
Project("{8BB2217D-0F2D-49D1-97BC-3654ED321F3B}") = "rabbitmq-console", "src\rabbitmq-console\rabbitmq-console.xproj", "{0359C6E4-EF6C-41B9-9D90-BA7B16AD2D6C}"
EndProject
Project("{8BB2217D-0F2D-49D1-97BC-3654ED321F3B}") = "mvc-demo.service", "src\mvc-demo.service\mvc-demo.service.xproj", "{E47656FF-4D26-48FF-936F-2FAA86294916}"
EndProject
Project("{8BB2217D-0F2D-49D1-97BC-3654ED321F3B}") = "mvc-demo.service.tests", "test\mvc-demo.service.tests\mvc-demo.service.tests.xproj", "{011BF33C-1879-48BF-A1E2-FC369F597F1D}"
EndProject
Project("{8BB2217D-0F2D-49D1-97BC-3654ED321F3B}") = "mvc-demo.database", "src\mvc-demo.database\mvc-demo.database.xproj", "{041685F8-47F4-4548-B21A-C74D807E4F1A}"
EndProject
Project("{8BB2217D-0F2D-49D1-97BC-3654ED321F3B}") = "mvc-demo.database.tests", "test\mvc-demo.database.tests\mvc-demo.database.tests.xproj", "{0C477F78-6555-4ED5-8D94-B59B8A75C7B8}"
EndProject
Global
	GlobalSection(SolutionConfigurationPlatforms) = preSolution
		Debug|Any CPU = Debug|Any CPU
		Release|Any CPU = Release|Any CPU
	EndGlobalSection
	GlobalSection(ProjectConfigurationPlatforms) = postSolution
		{722FD6C0-0C68-4CC5-8D88-72C756322AE4}.Debug|Any CPU.ActiveCfg = Debug|Any CPU
		{722FD6C0-0C68-4CC5-8D88-72C756322AE4}.Debug|Any CPU.Build.0 = Debug|Any CPU
		{722FD6C0-0C68-4CC5-8D88-72C756322AE4}.Release|Any CPU.ActiveCfg = Release|Any CPU
		{722FD6C0-0C68-4CC5-8D88-72C756322AE4}.Release|Any CPU.Build.0 = Release|Any CPU
		{1AC99768-1FE2-4D11-9D47-ED8CBEED6086}.Debug|Any CPU.ActiveCfg = Debug|Any CPU
		{1AC99768-1FE2-4D11-9D47-ED8CBEED6086}.Debug|Any CPU.Build.0 = Debug|Any CPU
		{1AC99768-1FE2-4D11-9D47-ED8CBEED6086}.Release|Any CPU.ActiveCfg = Release|Any CPU
		{1AC99768-1FE2-4D11-9D47-ED8CBEED6086}.Release|Any CPU.Build.0 = Release|Any CPU
		{D534A3BB-39BD-4CD5-A7A9-4337D5167CE3}.Debug|Any CPU.ActiveCfg = Debug|Any CPU
		{D534A3BB-39BD-4CD5-A7A9-4337D5167CE3}.Debug|Any CPU.Build.0 = Debug|Any CPU
		{D534A3BB-39BD-4CD5-A7A9-4337D5167CE3}.Release|Any CPU.ActiveCfg = Release|Any CPU
		{D534A3BB-39BD-4CD5-A7A9-4337D5167CE3}.Release|Any CPU.Build.0 = Release|Any CPU
		{62212806-3E2B-4B53-8505-F09422C2FF18}.Debug|Any CPU.ActiveCfg = Debug|Any CPU
		{62212806-3E2B-4B53-8505-F09422C2FF18}.Debug|Any CPU.Build.0 = Debug|Any CPU
		{62212806-3E2B-4B53-8505-F09422C2FF18}.Release|Any CPU.ActiveCfg = Release|Any CPU
		{62212806-3E2B-4B53-8505-F09422C2FF18}.Release|Any CPU.Build.0 = Release|Any CPU
		{06CE5202-7878-4CE7-AE55-3D06EE7B6D2D}.Debug|Any CPU.ActiveCfg = Debug|Any CPU
		{06CE5202-7878-4CE7-AE55-3D06EE7B6D2D}.Debug|Any CPU.Build.0 = Debug|Any CPU
		{06CE5202-7878-4CE7-AE55-3D06EE7B6D2D}.Release|Any CPU.ActiveCfg = Release|Any CPU
		{06CE5202-7878-4CE7-AE55-3D06EE7B6D2D}.Release|Any CPU.Build.0 = Release|Any CPU
		{21CBCEE3-2E63-4597-8C5A-79CFE0544EAA}.Debug|Any CPU.ActiveCfg = Debug|Any CPU
		{21CBCEE3-2E63-4597-8C5A-79CFE0544EAA}.Debug|Any CPU.Build.0 = Debug|Any CPU
		{21CBCEE3-2E63-4597-8C5A-79CFE0544EAA}.Release|Any CPU.ActiveCfg = Release|Any CPU
		{21CBCEE3-2E63-4597-8C5A-79CFE0544EAA}.Release|Any CPU.Build.0 = Release|Any CPU
		{EC55DCE3-BEF7-4FA7-929C-E64E77944737}.Debug|Any CPU.ActiveCfg = Debug|Any CPU
		{EC55DCE3-BEF7-4FA7-929C-E64E77944737}.Debug|Any CPU.Build.0 = Debug|Any CPU
		{EC55DCE3-BEF7-4FA7-929C-E64E77944737}.Release|Any CPU.ActiveCfg = Release|Any CPU
		{EC55DCE3-BEF7-4FA7-929C-E64E77944737}.Release|Any CPU.Build.0 = Release|Any CPU
		{0C76EBA9-FB61-4D94-905E-121E0AD25A67}.Debug|Any CPU.ActiveCfg = Debug|Any CPU
		{0C76EBA9-FB61-4D94-905E-121E0AD25A67}.Debug|Any CPU.Build.0 = Debug|Any CPU
		{0C76EBA9-FB61-4D94-905E-121E0AD25A67}.Release|Any CPU.ActiveCfg = Release|Any CPU
		{0C76EBA9-FB61-4D94-905E-121E0AD25A67}.Release|Any CPU.Build.0 = Release|Any CPU
		{60E78C5F-23D6-46A8-878F-ABBB4FFA8059}.Debug|Any CPU.ActiveCfg = Debug|Any CPU
		{60E78C5F-23D6-46A8-878F-ABBB4FFA8059}.Debug|Any CPU.Build.0 = Debug|Any CPU
		{60E78C5F-23D6-46A8-878F-ABBB4FFA8059}.Release|Any CPU.ActiveCfg = Release|Any CPU
		{60E78C5F-23D6-46A8-878F-ABBB4FFA8059}.Release|Any CPU.Build.0 = Release|Any CPU
		{2A5D08BF-DAA2-433E-8EF0-388E60CCC17B}.Debug|Any CPU.ActiveCfg = Debug|Any CPU
		{2A5D08BF-DAA2-433E-8EF0-388E60CCC17B}.Debug|Any CPU.Build.0 = Debug|Any CPU
		{2A5D08BF-DAA2-433E-8EF0-388E60CCC17B}.Release|Any CPU.ActiveCfg = Release|Any CPU
		{2A5D08BF-DAA2-433E-8EF0-388E60CCC17B}.Release|Any CPU.Build.0 = Release|Any CPU
		{0359C6E4-EF6C-41B9-9D90-BA7B16AD2D6C}.Debug|Any CPU.ActiveCfg = Debug|Any CPU
		{0359C6E4-EF6C-41B9-9D90-BA7B16AD2D6C}.Debug|Any CPU.Build.0 = Debug|Any CPU
		{0359C6E4-EF6C-41B9-9D90-BA7B16AD2D6C}.Release|Any CPU.ActiveCfg = Release|Any CPU
		{0359C6E4-EF6C-41B9-9D90-BA7B16AD2D6C}.Release|Any CPU.Build.0 = Release|Any CPU
		{E47656FF-4D26-48FF-936F-2FAA86294916}.Debug|Any CPU.ActiveCfg = Debug|Any CPU
		{E47656FF-4D26-48FF-936F-2FAA86294916}.Debug|Any CPU.Build.0 = Debug|Any CPU
		{E47656FF-4D26-48FF-936F-2FAA86294916}.Release|Any CPU.ActiveCfg = Release|Any CPU
		{E47656FF-4D26-48FF-936F-2FAA86294916}.Release|Any CPU.Build.0 = Release|Any CPU
		{011BF33C-1879-48BF-A1E2-FC369F597F1D}.Debug|Any CPU.ActiveCfg = Debug|Any CPU
		{011BF33C-1879-48BF-A1E2-FC369F597F1D}.Debug|Any CPU.Build.0 = Debug|Any CPU
		{011BF33C-1879-48BF-A1E2-FC369F597F1D}.Release|Any CPU.ActiveCfg = Release|Any CPU
		{011BF33C-1879-48BF-A1E2-FC369F597F1D}.Release|Any CPU.Build.0 = Release|Any CPU
		{041685F8-47F4-4548-B21A-C74D807E4F1A}.Debug|Any CPU.ActiveCfg = Debug|Any CPU
		{041685F8-47F4-4548-B21A-C74D807E4F1A}.Debug|Any CPU.Build.0 = Debug|Any CPU
		{041685F8-47F4-4548-B21A-C74D807E4F1A}.Release|Any CPU.ActiveCfg = Release|Any CPU
		{041685F8-47F4-4548-B21A-C74D807E4F1A}.Release|Any CPU.Build.0 = Release|Any CPU
		{0C477F78-6555-4ED5-8D94-B59B8A75C7B8}.Debug|Any CPU.ActiveCfg = Debug|Any CPU
		{0C477F78-6555-4ED5-8D94-B59B8A75C7B8}.Debug|Any CPU.Build.0 = Debug|Any CPU
		{0C477F78-6555-4ED5-8D94-B59B8A75C7B8}.Release|Any CPU.ActiveCfg = Release|Any CPU
		{0C477F78-6555-4ED5-8D94-B59B8A75C7B8}.Release|Any CPU.Build.0 = Release|Any CPU
	EndGlobalSection
	GlobalSection(SolutionProperties) = preSolution
		HideSolutionNode = FALSE
	EndGlobalSection
	GlobalSection(NestedProjects) = preSolution
		{722FD6C0-0C68-4CC5-8D88-72C756322AE4} = {0D0E8683-8A9A-4C40-84A3-E7225B4994D1}
		{1AC99768-1FE2-4D11-9D47-ED8CBEED6086} = {0D0E8683-8A9A-4C40-84A3-E7225B4994D1}
		{D534A3BB-39BD-4CD5-A7A9-4337D5167CE3} = {70F82131-0C7C-4878-842A-F8441DA2C14F}
		{62212806-3E2B-4B53-8505-F09422C2FF18} = {0D0E8683-8A9A-4C40-84A3-E7225B4994D1}
		{06CE5202-7878-4CE7-AE55-3D06EE7B6D2D} = {70F82131-0C7C-4878-842A-F8441DA2C14F}
		{21CBCEE3-2E63-4597-8C5A-79CFE0544EAA} = {0D0E8683-8A9A-4C40-84A3-E7225B4994D1}
		{EC55DCE3-BEF7-4FA7-929C-E64E77944737} = {70F82131-0C7C-4878-842A-F8441DA2C14F}
		{0C76EBA9-FB61-4D94-905E-121E0AD25A67} = {0D0E8683-8A9A-4C40-84A3-E7225B4994D1}
		{60E78C5F-23D6-46A8-878F-ABBB4FFA8059} = {70F82131-0C7C-4878-842A-F8441DA2C14F}
		{2A5D08BF-DAA2-433E-8EF0-388E60CCC17B} = {70F82131-0C7C-4878-842A-F8441DA2C14F}
		{0359C6E4-EF6C-41B9-9D90-BA7B16AD2D6C} = {0D0E8683-8A9A-4C40-84A3-E7225B4994D1}
		{E47656FF-4D26-48FF-936F-2FAA86294916} = {0D0E8683-8A9A-4C40-84A3-E7225B4994D1}
		{011BF33C-1879-48BF-A1E2-FC369F597F1D} = {70F82131-0C7C-4878-842A-F8441DA2C14F}
		{041685F8-47F4-4548-B21A-C74D807E4F1A} = {0D0E8683-8A9A-4C40-84A3-E7225B4994D1}
		{0C477F78-6555-4ED5-8D94-B59B8A75C7B8} = {70F82131-0C7C-4878-842A-F8441DA2C14F}
	EndGlobalSection
EndGlobal
