
Microsoft Visual Studio Solution File, Format Version 12.00
# Visual Studio 15
VisualStudioVersion = 15.0.26114.2
MinimumVisualStudioVersion = 10.0.40219.1
Project("{2150E333-8FDC-42A3-9474-1A3956D46DE8}") = "src", "src", "{0D0E8683-8A9A-4C40-84A3-E7225B4994D1}"
EndProject
Project("{2150E333-8FDC-42A3-9474-1A3956D46DE8}") = "Solution Items", "Solution Items", "{56BC696C-51B1-498C-9FF4-FFD5AEB82484}"
	ProjectSection(SolutionItems) = preProject
		readme.md = readme.md
	EndProjectSection
EndProject
Project("{2150E333-8FDC-42A3-9474-1A3956D46DE8}") = "test", "test", "{70F82131-0C7C-4878-842A-F8441DA2C14F}"
EndProject
Project("{FAE04EC0-301F-11D3-BF4B-00C04F79EFBC}") = "mvc-demo.tests", "test\mvc-demo.tests\mvc-demo.tests.csproj", "{ECA13EC7-7805-4720-BBD5-6EECB1F58BEE}"
EndProject
Project("{FAE04EC0-301F-11D3-BF4B-00C04F79EFBC}") = "rabbitmq-demo-service.tests", "test\rabbitmq-demo-service.tests\rabbitmq-demo-service.tests.csproj", "{B2C4F48C-5335-488F-BF83-8A6C7D9EE385}"
EndProject
Project("{FAE04EC0-301F-11D3-BF4B-00C04F79EFBC}") = "magazijn-service.tests", "test\magazijn-service.tests\magazijn-service.tests.csproj", "{BCC07F6A-3F16-469D-BDEC-6806EC689C2E}"
EndProject
Project("{FAE04EC0-301F-11D3-BF4B-00C04F79EFBC}") = "mvc-demo.database.tests", "test\mvc-demo.database.tests\mvc-demo.database.tests.csproj", "{56C4EC32-3369-4B69-B158-25FCB7B0E481}"
EndProject
Project("{FAE04EC0-301F-11D3-BF4B-00C04F79EFBC}") = "catalogus-service.tests", "test\catalogus-service.tests\catalogus-service.tests.csproj", "{767EF591-9959-44E9-B1DE-E85FF4A763E8}"
EndProject
Project("{FAE04EC0-301F-11D3-BF4B-00C04F79EFBC}") = "ef-demo.tests", "test\ef-demo.tests\ef-demo.tests.csproj", "{FE3870E6-8C8A-41A3-B933-63F2B0F01525}"
EndProject
Project("{FAE04EC0-301F-11D3-BF4B-00C04F79EFBC}") = "webapi-demo.tests", "test\webapi-demo.tests\webapi-demo.tests.csproj", "{9ECA4B88-DA42-4645-B14E-9BBB8BB8C1C9}"
EndProject
Project("{FAE04EC0-301F-11D3-BF4B-00C04F79EFBC}") = "rabbitmq-demo.tests", "test\rabbitmq-demo.tests\rabbitmq-demo.tests.csproj", "{50140181-3316-498C-BBA2-8B12D4AD36A7}"
EndProject
Project("{FAE04EC0-301F-11D3-BF4B-00C04F79EFBC}") = "mvc-demo.service.tests", "test\mvc-demo.service.tests\mvc-demo.service.tests.csproj", "{4327F259-314C-4C80-A6FE-3712DA722D5E}"
EndProject
Project("{FAE04EC0-301F-11D3-BF4B-00C04F79EFBC}") = "catalogus-events.tests", "test\catalogus-events.tests\catalogus-events.tests.csproj", "{826E0037-F8C9-4FB3-983F-CFD24EC5A7BF}"
EndProject
Project("{FAE04EC0-301F-11D3-BF4B-00C04F79EFBC}") = "magazijn-service", "src\magazijn-service\magazijn-service.csproj", "{AB135F8C-E5C5-44F9-91DF-C8845CC833A4}"
EndProject
Project("{FAE04EC0-301F-11D3-BF4B-00C04F79EFBC}") = "rabbitmq-demo-service", "src\rabbitmq-demo-service\rabbitmq-demo-service.csproj", "{4EC51A45-1558-4E1F-B545-74F4654755B1}"
EndProject
Project("{FAE04EC0-301F-11D3-BF4B-00C04F79EFBC}") = "catalogus-service", "src\catalogus-service\catalogus-service.csproj", "{DE2CC940-7646-4660-B343-2FDB7DBD6247}"
EndProject
Project("{FAE04EC0-301F-11D3-BF4B-00C04F79EFBC}") = "mvc-demo.database", "src\mvc-demo.database\mvc-demo.database.csproj", "{7B46436E-D50E-45EA-8F8B-ABFAD06F6DAF}"
EndProject
Project("{FAE04EC0-301F-11D3-BF4B-00C04F79EFBC}") = "ef-demo", "src\ef-demo\ef-demo.csproj", "{0497099A-1578-498D-B71C-6A11C3DBCC32}"
EndProject
Project("{FAE04EC0-301F-11D3-BF4B-00C04F79EFBC}") = "mvc-demo.service", "src\mvc-demo.service\mvc-demo.service.csproj", "{0F88F916-523A-4EED-9E82-58A85F256242}"
EndProject
Project("{FAE04EC0-301F-11D3-BF4B-00C04F79EFBC}") = "webapi-demo", "src\webapi-demo\webapi-demo.csproj", "{F360F9AA-4B2B-4458-8D89-E033703066A7}"
EndProject
Project("{FAE04EC0-301F-11D3-BF4B-00C04F79EFBC}") = "rabbitmq-console", "src\rabbitmq-console\rabbitmq-console.csproj", "{ACCA8B26-68EB-4A69-A43D-1D087C605CF0}"
EndProject
Project("{FAE04EC0-301F-11D3-BF4B-00C04F79EFBC}") = "mvc-demo", "src\mvc-demo\mvc-demo.csproj", "{326E6551-8B08-40A2-A5F5-85795505E69F}"
EndProject
Project("{FAE04EC0-301F-11D3-BF4B-00C04F79EFBC}") = "catalogus-events", "src\catalogus-events\catalogus-events.csproj", "{9383667A-F826-4841-BBDC-2BF950C0B1B2}"
EndProject
Project("{FAE04EC0-301F-11D3-BF4B-00C04F79EFBC}") = "rabbitmq-demo", "src\rabbitmq-demo\rabbitmq-demo.csproj", "{03C61F2D-2155-4F37-A89C-6DC37199AA37}"
EndProject
Global
	GlobalSection(SolutionConfigurationPlatforms) = preSolution
		Debug|Any CPU = Debug|Any CPU
		Release|Any CPU = Release|Any CPU
	EndGlobalSection
	GlobalSection(ProjectConfigurationPlatforms) = postSolution
		{ECA13EC7-7805-4720-BBD5-6EECB1F58BEE}.Debug|Any CPU.ActiveCfg = Debug|Any CPU
		{ECA13EC7-7805-4720-BBD5-6EECB1F58BEE}.Debug|Any CPU.Build.0 = Debug|Any CPU
		{ECA13EC7-7805-4720-BBD5-6EECB1F58BEE}.Release|Any CPU.ActiveCfg = Release|Any CPU
		{ECA13EC7-7805-4720-BBD5-6EECB1F58BEE}.Release|Any CPU.Build.0 = Release|Any CPU
		{B2C4F48C-5335-488F-BF83-8A6C7D9EE385}.Debug|Any CPU.ActiveCfg = Debug|Any CPU
		{B2C4F48C-5335-488F-BF83-8A6C7D9EE385}.Debug|Any CPU.Build.0 = Debug|Any CPU
		{B2C4F48C-5335-488F-BF83-8A6C7D9EE385}.Release|Any CPU.ActiveCfg = Release|Any CPU
		{B2C4F48C-5335-488F-BF83-8A6C7D9EE385}.Release|Any CPU.Build.0 = Release|Any CPU
		{BCC07F6A-3F16-469D-BDEC-6806EC689C2E}.Debug|Any CPU.ActiveCfg = Debug|Any CPU
		{BCC07F6A-3F16-469D-BDEC-6806EC689C2E}.Debug|Any CPU.Build.0 = Debug|Any CPU
		{BCC07F6A-3F16-469D-BDEC-6806EC689C2E}.Release|Any CPU.ActiveCfg = Release|Any CPU
		{BCC07F6A-3F16-469D-BDEC-6806EC689C2E}.Release|Any CPU.Build.0 = Release|Any CPU
		{56C4EC32-3369-4B69-B158-25FCB7B0E481}.Debug|Any CPU.ActiveCfg = Debug|Any CPU
		{56C4EC32-3369-4B69-B158-25FCB7B0E481}.Debug|Any CPU.Build.0 = Debug|Any CPU
		{56C4EC32-3369-4B69-B158-25FCB7B0E481}.Release|Any CPU.ActiveCfg = Release|Any CPU
		{56C4EC32-3369-4B69-B158-25FCB7B0E481}.Release|Any CPU.Build.0 = Release|Any CPU
		{767EF591-9959-44E9-B1DE-E85FF4A763E8}.Debug|Any CPU.ActiveCfg = Debug|Any CPU
		{767EF591-9959-44E9-B1DE-E85FF4A763E8}.Debug|Any CPU.Build.0 = Debug|Any CPU
		{767EF591-9959-44E9-B1DE-E85FF4A763E8}.Release|Any CPU.ActiveCfg = Release|Any CPU
		{767EF591-9959-44E9-B1DE-E85FF4A763E8}.Release|Any CPU.Build.0 = Release|Any CPU
		{FE3870E6-8C8A-41A3-B933-63F2B0F01525}.Debug|Any CPU.ActiveCfg = Debug|Any CPU
		{FE3870E6-8C8A-41A3-B933-63F2B0F01525}.Debug|Any CPU.Build.0 = Debug|Any CPU
		{FE3870E6-8C8A-41A3-B933-63F2B0F01525}.Release|Any CPU.ActiveCfg = Release|Any CPU
		{FE3870E6-8C8A-41A3-B933-63F2B0F01525}.Release|Any CPU.Build.0 = Release|Any CPU
		{9ECA4B88-DA42-4645-B14E-9BBB8BB8C1C9}.Debug|Any CPU.ActiveCfg = Debug|Any CPU
		{9ECA4B88-DA42-4645-B14E-9BBB8BB8C1C9}.Debug|Any CPU.Build.0 = Debug|Any CPU
		{9ECA4B88-DA42-4645-B14E-9BBB8BB8C1C9}.Release|Any CPU.ActiveCfg = Release|Any CPU
		{9ECA4B88-DA42-4645-B14E-9BBB8BB8C1C9}.Release|Any CPU.Build.0 = Release|Any CPU
		{50140181-3316-498C-BBA2-8B12D4AD36A7}.Debug|Any CPU.ActiveCfg = Debug|Any CPU
		{50140181-3316-498C-BBA2-8B12D4AD36A7}.Debug|Any CPU.Build.0 = Debug|Any CPU
		{50140181-3316-498C-BBA2-8B12D4AD36A7}.Release|Any CPU.ActiveCfg = Release|Any CPU
		{50140181-3316-498C-BBA2-8B12D4AD36A7}.Release|Any CPU.Build.0 = Release|Any CPU
		{4327F259-314C-4C80-A6FE-3712DA722D5E}.Debug|Any CPU.ActiveCfg = Debug|Any CPU
		{4327F259-314C-4C80-A6FE-3712DA722D5E}.Debug|Any CPU.Build.0 = Debug|Any CPU
		{4327F259-314C-4C80-A6FE-3712DA722D5E}.Release|Any CPU.ActiveCfg = Release|Any CPU
		{4327F259-314C-4C80-A6FE-3712DA722D5E}.Release|Any CPU.Build.0 = Release|Any CPU
		{826E0037-F8C9-4FB3-983F-CFD24EC5A7BF}.Debug|Any CPU.ActiveCfg = Debug|Any CPU
		{826E0037-F8C9-4FB3-983F-CFD24EC5A7BF}.Debug|Any CPU.Build.0 = Debug|Any CPU
		{826E0037-F8C9-4FB3-983F-CFD24EC5A7BF}.Release|Any CPU.ActiveCfg = Release|Any CPU
		{826E0037-F8C9-4FB3-983F-CFD24EC5A7BF}.Release|Any CPU.Build.0 = Release|Any CPU
		{AB135F8C-E5C5-44F9-91DF-C8845CC833A4}.Debug|Any CPU.ActiveCfg = Debug|Any CPU
		{AB135F8C-E5C5-44F9-91DF-C8845CC833A4}.Debug|Any CPU.Build.0 = Debug|Any CPU
		{AB135F8C-E5C5-44F9-91DF-C8845CC833A4}.Release|Any CPU.ActiveCfg = Release|Any CPU
		{AB135F8C-E5C5-44F9-91DF-C8845CC833A4}.Release|Any CPU.Build.0 = Release|Any CPU
		{4EC51A45-1558-4E1F-B545-74F4654755B1}.Debug|Any CPU.ActiveCfg = Debug|Any CPU
		{4EC51A45-1558-4E1F-B545-74F4654755B1}.Debug|Any CPU.Build.0 = Debug|Any CPU
		{4EC51A45-1558-4E1F-B545-74F4654755B1}.Release|Any CPU.ActiveCfg = Release|Any CPU
		{4EC51A45-1558-4E1F-B545-74F4654755B1}.Release|Any CPU.Build.0 = Release|Any CPU
		{DE2CC940-7646-4660-B343-2FDB7DBD6247}.Debug|Any CPU.ActiveCfg = Debug|Any CPU
		{DE2CC940-7646-4660-B343-2FDB7DBD6247}.Debug|Any CPU.Build.0 = Debug|Any CPU
		{DE2CC940-7646-4660-B343-2FDB7DBD6247}.Release|Any CPU.ActiveCfg = Release|Any CPU
		{DE2CC940-7646-4660-B343-2FDB7DBD6247}.Release|Any CPU.Build.0 = Release|Any CPU
		{7B46436E-D50E-45EA-8F8B-ABFAD06F6DAF}.Debug|Any CPU.ActiveCfg = Debug|Any CPU
		{7B46436E-D50E-45EA-8F8B-ABFAD06F6DAF}.Debug|Any CPU.Build.0 = Debug|Any CPU
		{7B46436E-D50E-45EA-8F8B-ABFAD06F6DAF}.Release|Any CPU.ActiveCfg = Release|Any CPU
		{7B46436E-D50E-45EA-8F8B-ABFAD06F6DAF}.Release|Any CPU.Build.0 = Release|Any CPU
		{0497099A-1578-498D-B71C-6A11C3DBCC32}.Debug|Any CPU.ActiveCfg = Debug|Any CPU
		{0497099A-1578-498D-B71C-6A11C3DBCC32}.Debug|Any CPU.Build.0 = Debug|Any CPU
		{0497099A-1578-498D-B71C-6A11C3DBCC32}.Release|Any CPU.ActiveCfg = Release|Any CPU
		{0497099A-1578-498D-B71C-6A11C3DBCC32}.Release|Any CPU.Build.0 = Release|Any CPU
		{0F88F916-523A-4EED-9E82-58A85F256242}.Debug|Any CPU.ActiveCfg = Debug|Any CPU
		{0F88F916-523A-4EED-9E82-58A85F256242}.Debug|Any CPU.Build.0 = Debug|Any CPU
		{0F88F916-523A-4EED-9E82-58A85F256242}.Release|Any CPU.ActiveCfg = Release|Any CPU
		{0F88F916-523A-4EED-9E82-58A85F256242}.Release|Any CPU.Build.0 = Release|Any CPU
		{F360F9AA-4B2B-4458-8D89-E033703066A7}.Debug|Any CPU.ActiveCfg = Debug|Any CPU
		{F360F9AA-4B2B-4458-8D89-E033703066A7}.Debug|Any CPU.Build.0 = Debug|Any CPU
		{F360F9AA-4B2B-4458-8D89-E033703066A7}.Release|Any CPU.ActiveCfg = Release|Any CPU
		{F360F9AA-4B2B-4458-8D89-E033703066A7}.Release|Any CPU.Build.0 = Release|Any CPU
		{ACCA8B26-68EB-4A69-A43D-1D087C605CF0}.Debug|Any CPU.ActiveCfg = Debug|Any CPU
		{ACCA8B26-68EB-4A69-A43D-1D087C605CF0}.Debug|Any CPU.Build.0 = Debug|Any CPU
		{ACCA8B26-68EB-4A69-A43D-1D087C605CF0}.Release|Any CPU.ActiveCfg = Release|Any CPU
		{ACCA8B26-68EB-4A69-A43D-1D087C605CF0}.Release|Any CPU.Build.0 = Release|Any CPU
		{326E6551-8B08-40A2-A5F5-85795505E69F}.Debug|Any CPU.ActiveCfg = Debug|Any CPU
		{326E6551-8B08-40A2-A5F5-85795505E69F}.Debug|Any CPU.Build.0 = Debug|Any CPU
		{326E6551-8B08-40A2-A5F5-85795505E69F}.Release|Any CPU.ActiveCfg = Release|Any CPU
		{326E6551-8B08-40A2-A5F5-85795505E69F}.Release|Any CPU.Build.0 = Release|Any CPU
		{9383667A-F826-4841-BBDC-2BF950C0B1B2}.Debug|Any CPU.ActiveCfg = Debug|Any CPU
		{9383667A-F826-4841-BBDC-2BF950C0B1B2}.Debug|Any CPU.Build.0 = Debug|Any CPU
		{9383667A-F826-4841-BBDC-2BF950C0B1B2}.Release|Any CPU.ActiveCfg = Release|Any CPU
		{9383667A-F826-4841-BBDC-2BF950C0B1B2}.Release|Any CPU.Build.0 = Release|Any CPU
		{03C61F2D-2155-4F37-A89C-6DC37199AA37}.Debug|Any CPU.ActiveCfg = Debug|Any CPU
		{03C61F2D-2155-4F37-A89C-6DC37199AA37}.Debug|Any CPU.Build.0 = Debug|Any CPU
		{03C61F2D-2155-4F37-A89C-6DC37199AA37}.Release|Any CPU.ActiveCfg = Release|Any CPU
		{03C61F2D-2155-4F37-A89C-6DC37199AA37}.Release|Any CPU.Build.0 = Release|Any CPU
	EndGlobalSection
	GlobalSection(SolutionProperties) = preSolution
		HideSolutionNode = FALSE
	EndGlobalSection
	GlobalSection(NestedProjects) = preSolution
		{ECA13EC7-7805-4720-BBD5-6EECB1F58BEE} = {70F82131-0C7C-4878-842A-F8441DA2C14F}
		{B2C4F48C-5335-488F-BF83-8A6C7D9EE385} = {70F82131-0C7C-4878-842A-F8441DA2C14F}
		{BCC07F6A-3F16-469D-BDEC-6806EC689C2E} = {70F82131-0C7C-4878-842A-F8441DA2C14F}
		{56C4EC32-3369-4B69-B158-25FCB7B0E481} = {70F82131-0C7C-4878-842A-F8441DA2C14F}
		{767EF591-9959-44E9-B1DE-E85FF4A763E8} = {70F82131-0C7C-4878-842A-F8441DA2C14F}
		{FE3870E6-8C8A-41A3-B933-63F2B0F01525} = {70F82131-0C7C-4878-842A-F8441DA2C14F}
		{9ECA4B88-DA42-4645-B14E-9BBB8BB8C1C9} = {70F82131-0C7C-4878-842A-F8441DA2C14F}
		{50140181-3316-498C-BBA2-8B12D4AD36A7} = {70F82131-0C7C-4878-842A-F8441DA2C14F}
		{4327F259-314C-4C80-A6FE-3712DA722D5E} = {70F82131-0C7C-4878-842A-F8441DA2C14F}
		{826E0037-F8C9-4FB3-983F-CFD24EC5A7BF} = {70F82131-0C7C-4878-842A-F8441DA2C14F}
		{AB135F8C-E5C5-44F9-91DF-C8845CC833A4} = {0D0E8683-8A9A-4C40-84A3-E7225B4994D1}
		{4EC51A45-1558-4E1F-B545-74F4654755B1} = {0D0E8683-8A9A-4C40-84A3-E7225B4994D1}
		{DE2CC940-7646-4660-B343-2FDB7DBD6247} = {0D0E8683-8A9A-4C40-84A3-E7225B4994D1}
		{7B46436E-D50E-45EA-8F8B-ABFAD06F6DAF} = {0D0E8683-8A9A-4C40-84A3-E7225B4994D1}
		{0497099A-1578-498D-B71C-6A11C3DBCC32} = {0D0E8683-8A9A-4C40-84A3-E7225B4994D1}
		{0F88F916-523A-4EED-9E82-58A85F256242} = {0D0E8683-8A9A-4C40-84A3-E7225B4994D1}
		{F360F9AA-4B2B-4458-8D89-E033703066A7} = {0D0E8683-8A9A-4C40-84A3-E7225B4994D1}
		{ACCA8B26-68EB-4A69-A43D-1D087C605CF0} = {0D0E8683-8A9A-4C40-84A3-E7225B4994D1}
		{326E6551-8B08-40A2-A5F5-85795505E69F} = {0D0E8683-8A9A-4C40-84A3-E7225B4994D1}
		{9383667A-F826-4841-BBDC-2BF950C0B1B2} = {0D0E8683-8A9A-4C40-84A3-E7225B4994D1}
		{03C61F2D-2155-4F37-A89C-6DC37199AA37} = {0D0E8683-8A9A-4C40-84A3-E7225B4994D1}
	EndGlobalSection
EndGlobal
